{
  "name": "@carlkibler/toolsmith",
  "version": "0.1.34",
  "lockfileVersion": 3,
  "requires": true,
  "packages": {
    "": {
      "name": "@carlkibler/toolsmith",
      "version": "0.1.34",
      "license": "MIT",
      "bin": {
        "toolsmith": "bin/toolsmith.js",
        "toolsmith-mcp": "bin/toolsmith-mcp.js"
      },
      "engines": {
        "node": ">=20"
      },
      "peerDependencies": {
        "@mariozechner/pi-coding-agent": "*"
      },
      "peerDependenciesMeta": {
        "@mariozechner/pi-coding-agent": {
          "optional": true
        }
      }
    }
  }
}
